{
	"name": "inline-fold",
	"version": "0.1.10",
	"lockfileVersion": 2,
	"requires": true,
	"packages": {
		"": {
			"name": "inline-fold",
			"version": "0.1.10",
			"license": "MIT",
			"devDependencies": {
				"@types/node": "^17.0.33",
				"@types/vscode": "1.71.0",
				"typescript": "4.8.4"
			},
			"engines": {
				"vscode": "^1.71.0"
			}
		},
		"node_modules/@types/node": {
			"version": "17.0.45",
			"resolved": "https://registry.npmjs.org/@types/node/-/node-17.0.45.tgz",
			"integrity": "sha512-w+tIMs3rq2afQdsPJlODhoUEKzFP1ayaoyl1CcnwtIlsVe7K7bA1NGm4s3PraqTLlXnbIN84zuBlxBWo1u9BLw==",
			"dev": true
		},
		"node_modules/@types/vscode": {
			"version": "1.71.0",
			"resolved": "https://registry.npmjs.org/@types/vscode/-/vscode-1.71.0.tgz",
			"integrity": "sha512-nB50bBC9H/x2CpwW9FzRRRDrTZ7G0/POttJojvN/LiVfzTGfLyQIje1L1QRMdFXK9G41k5UJN/1B9S4of7CSzA==",
			"dev": true
		},
		"node_modules/typescript": {
			"version": "4.8.4",
			"resolved": "https://registry.npmjs.org/typescript/-/typescript-4.8.4.tgz",
			"integrity": "sha512-QCh+85mCy+h0IGff8r5XWzOVSbBO+KfeYrMQh7NJ58QujwcE22u+NUSmUxqF+un70P9GXKxa2HCNiTTMJknyjQ==",
			"dev": true,
			"bin": {
				"tsc": "bin/tsc",
				"tsserver": "bin/tsserver"
			},
			"engines": {
				"node": ">=4.2.0"
			}
		}
	},
	"dependencies": {
		"@types/node": {
			"version": "17.0.45",
			"resolved": "https://registry.npmjs.org/@types/node/-/node-17.0.45.tgz",
			"integrity": "sha512-w+tIMs3rq2afQdsPJlODhoUEKzFP1ayaoyl1CcnwtIlsVe7K7bA1NGm4s3PraqTLlXnbIN84zuBlxBWo1u9BLw==",
			"dev": true
		},
		"@types/vscode": {
			"version": "1.71.0",
			"resolved": "https://registry.npmjs.org/@types/vscode/-/vscode-1.71.0.tgz",
			"integrity": "sha512-nB50bBC9H/x2CpwW9FzRRRDrTZ7G0/POttJojvN/LiVfzTGfLyQIje1L1QRMdFXK9G41k5UJN/1B9S4of7CSzA==",
			"dev": true
		},
		"typescript": {
			"version": "4.8.4",
			"resolved": "https://registry.npmjs.org/typescript/-/typescript-4.8.4.tgz",
			"integrity": "sha512-QCh+85mCy+h0IGff8r5XWzOVSbBO+KfeYrMQh7NJ58QujwcE22u+NUSmUxqF+un70P9GXKxa2HCNiTTMJknyjQ==",
			"dev": true
		}
	}
}
