lockfileVersion: 5.4

specifiers:
  '@types/node': ^17.0.33
  '@types/vscode': 1.67.0
  typescript: 4.6.4

devDependencies:
  '@types/node': 17.0.34
  '@types/vscode': 1.67.0
  typescript: 4.6.4

packages:

  /@types/node/17.0.34:
    resolution: {integrity: sha512-XImEz7XwTvDBtzlTnm8YvMqGW/ErMWBsKZ+hMTvnDIjGCKxwK5Xpc+c/oQjOauwq8M4OS11hEkpjX8rrI/eEgA==}
    dev: true

  /@types/vscode/1.67.0:
    resolution: {integrity: sha512-GH8BDf8cw9AC9080uneJfulhSa7KHSMI2s/CyKePXoGNos9J486w2V4YKoeNUqIEkW4hKoEAWp6/cXTwyGj47g==}
    dev: true

  /typescript/4.6.4:
    resolution: {integrity: sha512-9ia/jWHIEbo49HfjrLGfKbZSuWo9iTMwXO+Ca3pRsSpbsMbc7/IU8NKdCZVRRBafVPGnoJeFL76ZOAA84I9fEg==}
    engines: {node: '>=4.2.0'}
    hasBin: true
    dev: true
