lockfileVersion: 5.4

specifiers:
  '@types/node': ^17.0.33
  '@types/vscode': 1.71.0
  typescript: 4.8.3

devDependencies:
  '@types/node': 17.0.34
  '@types/vscode': 1.71.0
  typescript: 4.8.3

packages:

  /@types/node/17.0.34:
    resolution: {integrity: sha512-XImEz7XwTvDBtzlTnm8YvMqGW/ErMWBsKZ+hMTvnDIjGCKxwK5Xpc+c/oQjOauwq8M4OS11hEkpjX8rrI/eEgA==}
    dev: true

  /@types/vscode/1.71.0:
    resolution: {integrity: sha512-nB50bBC9H/x2CpwW9FzRRRDrTZ7G0/POttJojvN/LiVfzTGfLyQIje1L1QRMdFXK9G41k5UJN/1B9S4of7CSzA==}
    dev: true

  /typescript/4.8.3:
    resolution: {integrity: sha512-goMHfm00nWPa8UvR/CPSvykqf6dVV8x/dp0c5mFTMTIu0u0FlGWRioyy7Nn0PGAdHxpJZnuO/ut+PpQ8UiHAig==}
    engines: {node: '>=4.2.0'}
    hasBin: true
    dev: true
